// !$*UTF8*$!
{
	archiveVersion = 1;
	classes = {
	};
	objectVersion = 46;
	objects = {

/* Begin PBXBuildFile section */
		14A3A7F3197F1EDB001EDB1F /* Foundation.framework in Frameworks */ = {isa = PBXBuildFile; fileRef = 14A3A7F2197F1EDB001EDB1F /* Foundation.framework */; };
		14A3A7F5197F1EDB001EDB1F /* CoreGraphics.framework in Frameworks */ = {isa = PBXBuildFile; fileRef = 14A3A7F4197F1EDB001EDB1F /* CoreGraphics.framework */; };
		14A3A7F7197F1EDB001EDB1F /* UIKit.framework in Frameworks */ = {isa = PBXBuildFile; fileRef = 14A3A7F6197F1EDB001EDB1F /* UIKit.framework */; };
		14A3A7FD197F1EDB001EDB1F /* InfoPlist.strings in Resources */ = {isa = PBXBuildFile; fileRef = 14A3A7FB197F1EDB001EDB1F /* InfoPlist.strings */; };
		14A3A7FF197F1EDB001EDB1F /* main.m in Sources */ = {isa = PBXBuildFile; fileRef = 14A3A7FE197F1EDB001EDB1F /* main.m */; };
		14A3A803197F1EDB001EDB1F /* AppDelegate.m in Sources */ = {isa = PBXBuildFile; fileRef = 14A3A802197F1EDB001EDB1F /* AppDelegate.m */; };
		14A3A805197F1EDB001EDB1F /* Images.xcassets in Resources */ = {isa = PBXBuildFile; fileRef = 14A3A804197F1EDB001EDB1F /* Images.xcassets */; };
		14A3A80C197F1EDB001EDB1F /* XCTest.framework in Frameworks */ = {isa = PBXBuildFile; fileRef = 14A3A80B197F1EDB001EDB1F /* XCTest.framework */; };
		14A3A80D197F1EDB001EDB1F /* Foundation.framework in Frameworks */ = {isa = PBXBuildFile; fileRef = 14A3A7F2197F1EDB001EDB1F /* Foundation.framework */; };
		14A3A80E197F1EDB001EDB1F /* UIKit.framework in Frameworks */ = {isa = PBXBuildFile; fileRef = 14A3A7F6197F1EDB001EDB1F /* UIKit.framework */; };
		14A3A816197F1EDB001EDB1F /* InfoPlist.strings in Resources */ = {isa = PBXBuildFile; fileRef = 14A3A814197F1EDB001EDB1F /* InfoPlist.strings */; };
		14A3A818197F1EDB001EDB1F /* ToDoListTests.m in Sources */ = {isa = PBXBuildFile; fileRef = 14A3A817197F1EDB001EDB1F /* ToDoListTests.m */; };
		14A3A822197F27AD001EDB1F /* Main.storyboard in Resources */ = {isa = PBXBuildFile; fileRef = 14A3A821197F27AD001EDB1F /* Main.storyboard */; };
/* End PBXBuildFile section */

/* Begin PBXContainerItemProxy section */
		14A3A80F197F1EDB001EDB1F /* PBXContainerItemProxy */ = {
			isa = PBXContainerItemProxy;
			containerPortal = 14A3A7E7197F1EDA001EDB1F /* Project object */;
			proxyType = 1;
			remoteGlobalIDString = 14A3A7EE197F1EDA001EDB1F;
			remoteInfo = ToDoList;
		};
/* End PBXContainerItemProxy section */

/* Begin PBXFileReference section */
		14A3A7EF197F1EDB001EDB1F /* ToDoList.app */ = {isa = PBXFileReference; explicitFileType = wrapper.application; includeInIndex = 0; path = ToDoList.app; sourceTree = BUILT_PRODUCTS_DIR; };
		14A3A7F2197F1EDB001EDB1F /* Foundation.framework */ = {isa = PBXFileReference; lastKnownFileType = wrapper.framework; name = Foundation.framework; path = System/Library/Frameworks/Foundation.framework; sourceTree = SDKROOT; };
		14A3A7F4197F1EDB001EDB1F /* CoreGraphics.framework */ = {isa = PBXFileReference; lastKnownFileType = wrapper.framework; name = CoreGraphics.framework; path = System/Library/Frameworks/CoreGraphics.framework; sourceTree = SDKROOT; };
		14A3A7F6197F1EDB001EDB1F /* UIKit.framework */ = {isa = PBXFileReference; lastKnownFileType = wrapper.framework; name = UIKit.framework; path = System/Library/Frameworks/UIKit.framework; sourceTree = SDKROOT; };
		14A3A7FA197F1EDB001EDB1F /* ToDoList-Info.plist */ = {isa = PBXFileReference; lastKnownFileType = text.plist.xml; path = "ToDoList-Info.plist"; sourceTree = "<group>"; };
		14A3A7FC197F1EDB001EDB1F /* en */ = {isa = PBXFileReference; lastKnownFileType = text.plist.strings; name = en; path = en.lproj/InfoPlist.strings; sourceTree = "<group>"; };
		14A3A7FE197F1EDB001EDB1F /* main.m */ = {isa = PBXFileReference; lastKnownFileType = sourcecode.c.objc; path = main.m; sourceTree = "<group>"; };
		14A3A800197F1EDB001EDB1F /* ToDoList-Prefix.pch */ = {isa = PBXFileReference; lastKnownFileType = sourcecode.c.h; path = "ToDoList-Prefix.pch"; sourceTree = "<group>"; };
		14A3A801197F1EDB001EDB1F /* AppDelegate.h */ = {isa = PBXFileReference; lastKnownFileType = sourcecode.c.h; path = AppDelegate.h; sourceTree = "<group>"; };
		14A3A802197F1EDB001EDB1F /* AppDelegate.m */ = {isa = PBXFileReference; lastKnownFileType = sourcecode.c.objc; path = AppDelegate.m; sourceTree = "<group>"; };
		14A3A804197F1EDB001EDB1F /* Images.xcassets */ = {isa = PBXFileReference; lastKnownFileType = folder.assetcatalog; path = Images.xcassets; sourceTree = "<group>"; };
		14A3A80A197F1EDB001EDB1F /* ToDoListTests.xctest */ = {isa = PBXFileReference; explicitFileType = wrapper.cfbundle; includeInIndex = 0; path = ToDoListTests.xctest; sourceTree = BUILT_PRODUCTS_DIR; };
		14A3A80B197F1EDB001EDB1F /* XCTest.framework */ = {isa = PBXFileReference; lastKnownFileType = wrapper.framework; name = XCTest.framework; path = Library/Frameworks/XCTest.framework; sourceTree = DEVELOPER_DIR; };
		14A3A813197F1EDB001EDB1F /* ToDoListTests-Info.plist */ = {isa = PBXFileReference; lastKnownFileType = text.plist.xml; path = "ToDoListTests-Info.plist"; sourceTree = "<group>"; };
		14A3A815197F1EDB001EDB1F /* en */ = {isa = PBXFileReference; lastKnownFileType = text.plist.strings; name = en; path = en.lproj/InfoPlist.strings; sourceTree = "<group>"; };
		14A3A817197F1EDB001EDB1F /* ToDoListTests.m */ = {isa = PBXFileReference; lastKnownFileType = sourcecode.c.objc; path = ToDoListTests.m; sourceTree = "<group>"; };
		14A3A821197F27AD001EDB1F /* Main.storyboard */ = {isa = PBXFileReference; fileEncoding = 4; lastKnownFileType = file.storyboard; path = Main.storyboard; sourceTree = "<group>"; };
/* End PBXFileReference section */

/* Begin PBXFrameworksBuildPhase section */
		14A3A7EC197F1EDA001EDB1F /* Frameworks */ = {
			isa = PBXFrameworksBuildPhase;
			buildActionMask = 2147483647;
			files = (
				14A3A7F5197F1EDB001EDB1F /* CoreGraphics.framework in Frameworks */,
				14A3A7F7197F1EDB001EDB1F /* UIKit.framework in Frameworks */,
				14A3A7F3197F1EDB001EDB1F /* Foundation.framework in Frameworks */,
			);
			runOnlyForDeploymentPostprocessing = 0;
		};
		14A3A807197F1EDB001EDB1F /* Frameworks */ = {
			isa = PBXFrameworksBuildPhase;
			buildActionMask = 2147483647;
			files = (
				14A3A80C197F1EDB001EDB1F /* XCTest.framework in Frameworks */,
				14A3A80E197F1EDB001EDB1F /* UIKit.framework in Frameworks */,
				14A3A80D197F1EDB001EDB1F /* Foundation.framework in Frameworks */,
			);
			runOnlyForDeploymentPostprocessing = 0;
		};
/* End PBXFrameworksBuildPhase section */

/* Begin PBXGroup section */
		14A3A7E6197F1EDA001EDB1F = {
			isa = PBXGroup;
			children = (
				14A3A7F8197F1EDB001EDB1F /* ToDoList */,
				14A3A811197F1EDB001EDB1F /* ToDoListTests */,
				14A3A7F1197F1EDB001EDB1F /* Frameworks */,
				14A3A7F0197F1EDB001EDB1F /* Products */,
			);
			sourceTree = "<group>";
		};
		14A3A7F0197F1EDB001EDB1F /* Products */ = {
			isa = PBXGroup;
			children = (
				14A3A7EF197F1EDB001EDB1F /* ToDoList.app */,
				14A3A80A197F1EDB001EDB1F /* ToDoListTests.xctest */,
			);
			name = Products;
			sourceTree = "<group>";
		};
		14A3A7F1197F1EDB001EDB1F /* Frameworks */ = {
			isa = PBXGroup;
			children = (
				14A3A7F2197F1EDB001EDB1F /* Foundation.framework */,
				14A3A7F4197F1EDB001EDB1F /* CoreGraphics.framework */,
				14A3A7F6197F1EDB001EDB1F /* UIKit.framework */,
				14A3A80B197F1EDB001EDB1F /* XCTest.framework */,
			);
			name = Frameworks;
			sourceTree = "<group>";
		};
		14A3A7F8197F1EDB001EDB1F /* ToDoList */ = {
			isa = PBXGroup;
			children = (
				14A3A801197F1EDB001EDB1F /* AppDelegate.h */,
				14A3A802197F1EDB001EDB1F /* AppDelegate.m */,
				14A3A821197F27AD001EDB1F /* Main.storyboard */,
				14A3A804197F1EDB001EDB1F /* Images.xcassets */,
				14A3A7F9197F1EDB001EDB1F /* Supporting Files */,
			);
			path = ToDoList;
			sourceTree = "<group>";
		};
		14A3A7F9197F1EDB001EDB1F /* Supporting Files */ = {
			isa = PBXGroup;
			children = (
				14A3A7FA197F1EDB001EDB1F /* ToDoList-Info.plist */,
				14A3A7FB197F1EDB001EDB1F /* InfoPlist.strings */,
				14A3A7FE197F1EDB001EDB1F /* main.m */,
				14A3A800197F1EDB001EDB1F /* ToDoList-Prefix.pch */,
			);
			name = "Supporting Files";
			sourceTree = "<group>";
		};
		14A3A811197F1EDB001EDB1F /* ToDoListTests */ = {
			isa = PBXGroup;
			children = (
				14A3A817197F1EDB001EDB1F /* ToDoListTests.m */,
				14A3A812197F1EDB001EDB1F /* Supporting Files */,
			);
			path = ToDoListTests;
			sourceTree = "<group>";
		};
		14A3A812197F1EDB001EDB1F /* Supporting Files */ = {
			isa = PBXGroup;
			children = (
				14A3A813197F1EDB001EDB1F /* ToDoListTests-Info.plist */,
				14A3A814197F1EDB001EDB1F /* InfoPlist.strings */,
			);
			name = "Supporting Files";
			sourceTree = "<group>";
		};
/* End PBXGroup section */

/* Begin PBXNativeTarget section */
		14A3A7EE197F1EDA001EDB1F /* ToDoList */ = {
			isa = PBXNativeTarget;
			buildConfigurationList = 14A3A81B197F1EDB001EDB1F /* Build configuration list for PBXNativeTarget "ToDoList" */;
			buildPhases = (
				14A3A7EB197F1EDA001EDB1F /* Sources */,
				14A3A7EC197F1EDA001EDB1F /* Frameworks */,
				14A3A7ED197F1EDA001EDB1F /* Resources */,
			);
			buildRules = (
			);
			dependencies = (
			);
			name = ToDoList;
			productName = ToDoList;
			productReference = 14A3A7EF197F1EDB001EDB1F /* ToDoList.app */;
			productType = "com.apple.product-type.application";
		};
		14A3A809197F1EDB001EDB1F /* ToDoListTests */ = {
			isa = PBXNativeTarget;
			buildConfigurationList = 14A3A81E197F1EDB001EDB1F /* Build configuration list for PBXNativeTarget "ToDoListTests" */;
			buildPhases = (
				14A3A806197F1EDB001EDB1F /* Sources */,
				14A3A807197F1EDB001EDB1F /* Frameworks */,
				14A3A808197F1EDB001EDB1F /* Resources */,
			);
			buildRules = (
			);
			dependencies = (
				14A3A810197F1EDB001EDB1F /* PBXTargetDependency */,
			);
			name = ToDoListTests;
			productName = ToDoListTests;
			productReference = 14A3A80A197F1EDB001EDB1F /* ToDoListTests.xctest */;
			productType = "com.apple.product-type.bundle.unit-test";
		};
/* End PBXNativeTarget section */

/* Begin PBXProject section */
		14A3A7E7197F1EDA001EDB1F /* Project object */ = {
			isa = PBXProject;
			attributes = {
				LastUpgradeCheck = 0510;
				TargetAttributes = {
					14A3A809197F1EDB001EDB1F = {
						TestTargetID = 14A3A7EE197F1EDA001EDB1F;
					};
				};
			};
			buildConfigurationList = 14A3A7EA197F1EDA001EDB1F /* Build configuration list for PBXProject "ToDoList" */;
			compatibilityVersion = "Xcode 3.2";
			developmentRegion = English;
			hasScannedForEncodings = 0;
			knownRegions = (
				en,
			);
			mainGroup = 14A3A7E6197F1EDA001EDB1F;
			productRefGroup = 14A3A7F0197F1EDB001EDB1F /* Products */;
			projectDirPath = "";
			projectRoot = "";
			targets = (
				14A3A7EE197F1EDA001EDB1F /* ToDoList */,
				14A3A809197F1EDB001EDB1F /* ToDoListTests */,
			);
		};
/* End PBXProject section */

/* Begin PBXResourcesBuildPhase section */
		14A3A7ED197F1EDA001EDB1F /* Resources */ = {
			isa = PBXResourcesBuildPhase;
			buildActionMask = 2147483647;
			files = (
				14A3A822197F27AD001EDB1F /* Main.storyboard in Resources */,
				14A3A7FD197F1EDB001EDB1F /* InfoPlist.strings in Resources */,
				14A3A805197F1EDB001EDB1F /* Images.xcassets in Resources */,
			);
			runOnlyForDeploymentPostprocessing = 0;
		};
		14A3A808197F1EDB001EDB1F /* Resources */ = {
			isa = PBXResourcesBuildPhase;
			buildActionMask = 2147483647;
			files = (
				14A3A816197F1EDB001EDB1F /* InfoPlist.strings in Resources */,
			);
			runOnlyForDeploymentPostprocessing = 0;
		};
/* End PBXResourcesBuildPhase section */

/* Begin PBXSourcesBuildPhase section */
		14A3A7EB197F1EDA001EDB1F /* Sources */ = {
			isa = PBXSourcesBuildPhase;
			buildActionMask = 2147483647;
			files = (
				14A3A803197F1EDB001EDB1F /* AppDelegate.m in Sources */,
				14A3A7FF197F1EDB001EDB1F /* main.m in Sources */,
			);
			runOnlyForDeploymentPostprocessing = 0;
		};
		14A3A806197F1EDB001EDB1F /* Sources */ = {
			isa = PBXSourcesBuildPhase;
			buildActionMask = 2147483647;
			files = (
				14A3A818197F1EDB001EDB1F /* ToDoListTests.m in Sources */,
			);
			runOnlyForDeploymentPostprocessing = 0;
		};
/* End PBXSourcesBuildPhase section */

/* Begin PBXTargetDependency section */
		14A3A810197F1EDB001EDB1F /* PBXTargetDependency */ = {
			isa = PBXTargetDependency;
			target = 14A3A7EE197F1EDA001EDB1F /* ToDoList */;
			targetProxy = 14A3A80F197F1EDB001EDB1F /* PBXContainerItemProxy */;
		};
/* End PBXTargetDependency section */

/* Begin PBXVariantGroup section */
		14A3A7FB197F1EDB001EDB1F /* InfoPlist.strings */ = {
			isa = PBXVariantGroup;
			children = (
				14A3A7FC197F1EDB001EDB1F /* en */,
			);
			name = InfoPlist.strings;
			sourceTree = "<group>";
		};
		14A3A814197F1EDB001EDB1F /* InfoPlist.strings */ = {
			isa = PBXVariantGroup;
			children = (
				14A3A815197F1EDB001EDB1F /* en */,
			);
			name = InfoPlist.strings;
			sourceTree = "<group>";
		};
/* End PBXVariantGroup section */

/* Begin XCBuildConfiguration section */
		14A3A819197F1EDB001EDB1F /* Debug */ = {
			isa = XCBuildConfiguration;
			buildSettings = {
				ALWAYS_SEARCH_USER_PATHS = NO;
				CLANG_CXX_LANGUAGE_STANDARD = "gnu++0x";
				CLANG_CXX_LIBRARY = "libc++";
				CLANG_ENABLE_MODULES = YES;
				CLANG_ENABLE_OBJC_ARC = YES;
				CLANG_WARN_BOOL_CONVERSION = YES;
				CLANG_WARN_CONSTANT_CONVERSION = YES;
				CLANG_WARN_DIRECT_OBJC_ISA_USAGE = YES_ERROR;
				CLANG_WARN_EMPTY_BODY = YES;
				CLANG_WARN_ENUM_CONVERSION = YES;
				CLANG_WARN_INT_CONVERSION = YES;
				CLANG_WARN_OBJC_ROOT_CLASS = YES_ERROR;
				CLANG_WARN__DUPLICATE_METHOD_MATCH = YES;
				"CODE_SIGN_IDENTITY[sdk=iphoneos*]" = "iPhone Developer";
				COPY_PHASE_STRIP = NO;
				GCC_C_LANGUAGE_STANDARD = gnu99;
				GCC_DYNAMIC_NO_PIC = NO;
				GCC_OPTIMIZATION_LEVEL = 0;
				GCC_PREPROCESSOR_DEFINITIONS = (
					"DEBUG=1",
					"$(inherited)",
				);
				GCC_SYMBOLS_PRIVATE_EXTERN = NO;
				GCC_WARN_64_TO_32_BIT_CONVERSION = YES;
				GCC_WARN_ABOUT_RETURN_TYPE = YES_ERROR;
				GCC_WARN_UNDECLARED_SELECTOR = YES;
				GCC_WARN_UNINITIALIZED_AUTOS = YES_AGGRESSIVE;
				GCC_WARN_UNUSED_FUNCTION = YES;
				GCC_WARN_UNUSED_VARIABLE = YES;
				IPHONEOS_DEPLOYMENT_TARGET = 7.1;
				ONLY_ACTIVE_ARCH = YES;
				SDKROOT = iphoneos;
			};
			name = Debug;
		};
		14A3A81A197F1EDB001EDB1F /* Release */ = {
			isa = XCBuildConfiguration;
			buildSettings = {
				ALWAYS_SEARCH_USER_PATHS = NO;
				CLANG_CXX_LANGUAGE_STANDARD = "gnu++0x";
				CLANG_CXX_LIBRARY = "libc++";
				CLANG_ENABLE_MODULES = YES;
				CLANG_ENABLE_OBJC_ARC = YES;
				CLANG_WARN_BOOL_CONVERSION = YES;
				CLANG_WARN_CONSTANT_CONVERSION = YES;
				CLANG_WARN_DIRECT_OBJC_ISA_USAGE = YES_ERROR;
				CLANG_WARN_EMPTY_BODY = YES;
				CLANG_WARN_ENUM_CONVERSION = YES;
				CLANG_WARN_INT_CONVERSION = YES;
				CLANG_WARN_OBJC_ROOT_CLASS = YES_ERROR;
				CLANG_WARN__DUPLICATE_METHOD_MATCH = YES;
				"CODE_SIGN_IDENTITY[sdk=iphoneos*]" = "iPhone Developer";
				COPY_PHASE_STRIP = YES;
				ENABLE_NS_ASSERTIONS = NO;
				GCC_C_LANGUAGE_STANDARD = gnu99;
				GCC_WARN_64_TO_32_BIT_CONVERSION = YES;
				GCC_WARN_ABOUT_RETURN_TYPE = YES_ERROR;
				GCC_WARN_UNDECLARED_SELECTOR = YES;
				GCC_WARN_UNINITIALIZED_AUTOS = YES_AGGRESSIVE;
				GCC_WARN_UNUSED_FUNCTION = YES;
				GCC_WARN_UNUSED_VARIABLE = YES;
				IPHONEOS_DEPLOYMENT_TARGET = 7.1;
				SDKROOT = iphoneos;
				VALIDATE_PRODUCT = YES;
			};
			name = Release;
		};
		14A3A81C197F1EDB001EDB1F /* Debug */ = {
			isa = XCBuildConfiguration;
			buildSettings = {
				ASSETCATALOG_COMPILER_APPICON_NAME = AppIcon;
				ASSETCATALOG_COMPILER_LAUNCHIMAGE_NAME = LaunchImage;
				GCC_PRECOMPILE_PREFIX_HEADER = YES;
				GCC_PREFIX_HEADER = "ToDoList/ToDoList-Prefix.pch";
				INFOPLIST_FILE = "ToDoList/ToDoList-Info.plist";
				PRODUCT_NAME = "$(TARGET_NAME)";
				WRAPPER_EXTENSION = app;
			};
			name = Debug;
		};
		14A3A81D197F1EDB001EDB1F /* Release */ = {
			isa = XCBuildConfiguration;
			buildSettings = {
				ASSETCATALOG_COMPILER_APPICON_NAME = AppIcon;
				ASSETCATALOG_COMPILER_LAUNCHIMAGE_NAME = LaunchImage;
				GCC_PRECOMPILE_PREFIX_HEADER = YES;
				GCC_PREFIX_HEADER = "ToDoList/ToDoList-Prefix.pch";
				INFOPLIST_FILE = "ToDoList/ToDoList-Info.plist";
				PRODUCT_NAME = "$(TARGET_NAME)";
				WRAPPER_EXTENSION = app;
			};
			name = Release;
		};
		14A3A81F197F1EDB001EDB1F /* Debug */ = {
			isa = XCBuildConfiguration;
			buildSettings = {
				BUNDLE_LOADER = "$(BUILT_PRODUCTS_DIR)/ToDoList.app/ToDoList";
				FRAMEWORK_SEARCH_PATHS = (
					"$(SDKROOT)/Developer/Library/Frameworks",
					"$(inherited)",
					"$(DEVELOPER_FRAMEWORKS_DIR)",
				);
				GCC_PRECOMPILE_PREFIX_HEADER = YES;
				GCC_PREFIX_HEADER = "ToDoList/ToDoList-Prefix.pch";
				GCC_PREPROCESSOR_DEFINITIONS = (
					"DEBUG=1",
					"$(inherited)",
				);
				INFOPLIST_FILE = "ToDoListTests/ToDoListTests-Info.plist";
				PRODUCT_NAME = "$(TARGET_NAME)";
				TEST_HOST = "$(BUNDLE_LOADER)";
				WRAPPER_EXTENSION = xctest;
			};
			name = Debug;
		};
		14A3A820197F1EDB001EDB1F /* Release */ = {
			isa = XCBuildConfiguration;
			buildSettings = {
				BUNDLE_LOADER = "$(BUILT_PRODUCTS_DIR)/ToDoList.app/ToDoList";
				FRAMEWORK_SEARCH_PATHS = (
					"$(SDKROOT)/Developer/Library/Frameworks",
					"$(inherited)",
					"$(DEVELOPER_FRAMEWORKS_DIR)",
				);
				GCC_PRECOMPILE_PREFIX_HEADER = YES;
				GCC_PREFIX_HEADER = "ToDoList/ToDoList-Prefix.pch";
				INFOPLIST_FILE = "ToDoListTests/ToDoListTests-Info.plist";
				PRODUCT_NAME = "$(TARGET_NAME)";
				TEST_HOST = "$(BUNDLE_LOADER)";
				WRAPPER_EXTENSION = xctest;
			};
			name = Release;
		};
/* End XCBuildConfiguration section */

/* Begin XCConfigurationList section */
		14A3A7EA197F1EDA001EDB1F /* Build configuration list for PBXProject "ToDoList" */ = {
			isa = XCConfigurationList;
			buildConfigurations = (
				14A3A819197F1EDB001EDB1F /* Debug */,
				14A3A81A197F1EDB001EDB1F /* Release */,
			);
			defaultConfigurationIsVisible = 0;
			defaultConfigurationName = Release;
		};
		14A3A81B197F1EDB001EDB1F /* Build configuration list for PBXNativeTarget "ToDoList" */ = {
			isa = XCConfigurationList;
			buildConfigurations = (
				14A3A81C197F1EDB001EDB1F /* Debug */,
				14A3A81D197F1EDB001EDB1F /* Release */,
			);
			defaultConfigurationIsVisible = 0;
		};
		14A3A81E197F1EDB001EDB1F /* Build configuration list for PBXNativeTarget "ToDoListTests" */ = {
			isa = XCConfigurationList;
			buildConfigurations = (
				14A3A81F197F1EDB001EDB1F /* Debug */,
				14A3A820197F1EDB001EDB1F /* Release */,
			);
			defaultConfigurationIsVisible = 0;
		};
/* End XCConfigurationList section */
	};
	rootObject = 14A3A7E7197F1EDA001EDB1F /* Project object */;
}
